
Microsoft Visual Studio Solution File, Format Version 12.00
# Visual Studio Version 17
VisualStudioVersion = 17.14.36401.2 d17.14
MinimumVisualStudioVersion = 10.0.40219.1
Project("{FAE04EC0-301F-11D3-BF4B-00C04F79EFBC}") = "Leetcode", "Leetcode\Leetcode.csproj", "{00E65EA3-4232-4B43-83E4-1F9C9E4BF90C}"
EndProject
Global
	GlobalSection(SolutionConfigurationPlatforms) = preSolution
		Debug|Any CPU = Debug|Any CPU
		Release|Any CPU = Release|Any CPU
	EndGlobalSection
	GlobalSection(ProjectConfigurationPlatforms) = postSolution
		{00E65EA3-4232-4B43-83E4-1F9C9E4BF90C}.Debug|Any CPU.ActiveCfg = Debug|Any CPU
		{00E65EA3-4232-4B43-83E4-1F9C9E4BF90C}.Debug|Any CPU.Build.0 = Debug|Any CPU
		{00E65EA3-4232-4B43-83E4-1F9C9E4BF90C}.Release|Any CPU.ActiveCfg = Release|Any CPU
		{00E65EA3-4232-4B43-83E4-1F9C9E4BF90C}.Release|Any CPU.Build.0 = Release|Any CPU
	EndGlobalSection
	GlobalSection(SolutionProperties) = preSolution
		HideSolutionNode = FALSE
	EndGlobalSection
	GlobalSection(ExtensibilityGlobals) = postSolution
		SolutionGuid = {F40216A2-3DCC-4673-BC34-9FC86506E6EC}
	EndGlobalSection
EndGlobal
